
Microsoft Visual Studio Solution File, Format Version 12.00
Project("{FAE04EC0-301F-11D3-BF4B-00C04F79EFBC}") = "DiscriminantPercentFinder", "DiscriminantPercentFinder\DiscriminantPercentFinder.csproj", "{AB2DFDD2-3C0D-4259-8EC8-624E54871915}"
EndProject
Project("{FAE04EC0-301F-11D3-BF4B-00C04F79EFBC}") = "DiscriminantPercentFinder.Tests", "DiscriminantPercentFinder.Tests\DiscriminantPercentFinder.Tests.csproj", "{C59C4C5A-8870-495D-88F6-EE3CF2B3BCC8}"
EndProject
Global
	GlobalSection(SolutionConfigurationPlatforms) = preSolution
		Debug|Any CPU = Debug|Any CPU
		Release|Any CPU = Release|Any CPU
	EndGlobalSection
	GlobalSection(ProjectConfigurationPlatforms) = postSolution
		{AB2DFDD2-3C0D-4259-8EC8-624E54871915}.Debug|Any CPU.ActiveCfg = Debug|Any CPU
		{AB2DFDD2-3C0D-4259-8EC8-624E54871915}.Debug|Any CPU.Build.0 = Debug|Any CPU
		{AB2DFDD2-3C0D-4259-8EC8-624E54871915}.Release|Any CPU.ActiveCfg = Release|Any CPU
		{AB2DFDD2-3C0D-4259-8EC8-624E54871915}.Release|Any CPU.Build.0 = Release|Any CPU
		{C59C4C5A-8870-495D-88F6-EE3CF2B3BCC8}.Debug|Any CPU.ActiveCfg = Debug|Any CPU
		{C59C4C5A-8870-495D-88F6-EE3CF2B3BCC8}.Debug|Any CPU.Build.0 = Debug|Any CPU
		{C59C4C5A-8870-495D-88F6-EE3CF2B3BCC8}.Release|Any CPU.ActiveCfg = Release|Any CPU
		{C59C4C5A-8870-495D-88F6-EE3CF2B3BCC8}.Release|Any CPU.Build.0 = Release|Any CPU
	EndGlobalSection
EndGlobal
